
Microsoft Visual Studio Solution File, Format Version 12.00
# Visual Studio Version 17
VisualStudioVersion = 17.10.34928.147
MinimumVisualStudioVersion = 10.0.40219.1
Project("{FAE04EC0-301F-11D3-BF4B-00C04F79EFBC}") = "LaptopDiscount", "LaptopDiscount\LaptopDiscount.csproj", "{525106DA-D1DB-4647-A0DE-332C9BE69E79}"
EndProject
Project("{FAE04EC0-301F-11D3-BF4B-00C04F79EFBC}") = "LaptopDiscount.nUnitTests", "LaptopDiscount.nUnitTests\LaptopDiscount.nUnitTests.csproj", "{A7A9CDCC-623C-4DD3-A83D-74234F3B5F49}"
EndProject
Global
	GlobalSection(SolutionConfigurationPlatforms) = preSolution
		Debug|Any CPU = Debug|Any CPU
		Release|Any CPU = Release|Any CPU
	EndGlobalSection
	GlobalSection(ProjectConfigurationPlatforms) = postSolution
		{525106DA-D1DB-4647-A0DE-332C9BE69E79}.Debug|Any CPU.ActiveCfg = Debug|Any CPU
		{525106DA-D1DB-4647-A0DE-332C9BE69E79}.Debug|Any CPU.Build.0 = Debug|Any CPU
		{525106DA-D1DB-4647-A0DE-332C9BE69E79}.Release|Any CPU.ActiveCfg = Release|Any CPU
		{525106DA-D1DB-4647-A0DE-332C9BE69E79}.Release|Any CPU.Build.0 = Release|Any CPU
		{A7A9CDCC-623C-4DD3-A83D-74234F3B5F49}.Debug|Any CPU.ActiveCfg = Debug|Any CPU
		{A7A9CDCC-623C-4DD3-A83D-74234F3B5F49}.Debug|Any CPU.Build.0 = Debug|Any CPU
		{A7A9CDCC-623C-4DD3-A83D-74234F3B5F49}.Release|Any CPU.ActiveCfg = Release|Any CPU
		{A7A9CDCC-623C-4DD3-A83D-74234F3B5F49}.Release|Any CPU.Build.0 = Release|Any CPU
	EndGlobalSection
	GlobalSection(SolutionProperties) = preSolution
		HideSolutionNode = FALSE
	EndGlobalSection
	GlobalSection(ExtensibilityGlobals) = postSolution
		SolutionGuid = {7B4C295B-6528-4897-A354-666D022E6CBE}
	EndGlobalSection
EndGlobal
